
Microsoft Visual Studio Solution File, Format Version 12.00
# Visual Studio Version 17
VisualStudioVersion = 17.14.36915.13 d17.14
MinimumVisualStudioVersion = 10.0.40219.1
Project("{FAE04EC0-301F-11D3-BF4B-00C04F79EFBC}") = "AppPOS.Api", "AppPOS.Api.csproj", "{D25DD6AD-065C-4E3B-8105-29427F5D3FBC}"
EndProject
Global
	GlobalSection(SolutionConfigurationPlatforms) = preSolution
		Debug|Any CPU = Debug|Any CPU
		Release|Any CPU = Release|Any CPU
	EndGlobalSection
	GlobalSection(ProjectConfigurationPlatforms) = postSolution
		{D25DD6AD-065C-4E3B-8105-29427F5D3FBC}.Debug|Any CPU.ActiveCfg = Debug|Any CPU
		{D25DD6AD-065C-4E3B-8105-29427F5D3FBC}.Debug|Any CPU.Build.0 = Debug|Any CPU
		{D25DD6AD-065C-4E3B-8105-29427F5D3FBC}.Release|Any CPU.ActiveCfg = Release|Any CPU
		{D25DD6AD-065C-4E3B-8105-29427F5D3FBC}.Release|Any CPU.Build.0 = Release|Any CPU
	EndGlobalSection
	GlobalSection(SolutionProperties) = preSolution
		HideSolutionNode = FALSE
	EndGlobalSection
	GlobalSection(ExtensibilityGlobals) = postSolution
		SolutionGuid = {3DA188A0-DB73-47F6-B009-08D57206163E}
	EndGlobalSection
EndGlobal
